
Microsoft Visual Studio Solution File, Format Version 12.00
# Visual Studio 15
VisualStudioVersion = 15.0.28307.645
MinimumVisualStudioVersion = 10.0.40219.1
Project("{FAE04EC0-301F-11D3-BF4B-00C04F79EFBC}") = "ElectronicsStoreModel", "ElectronicsStoreModel\ElectronicsStoreModel.csproj", "{84C1F877-2CF6-4BB3-BC0E-D62264ECC591}"
EndProject
Project("{FAE04EC0-301F-11D3-BF4B-00C04F79EFBC}") = "ElectronicsStoreServiceDAL", "ElectronicsStoreServiceDAL\ElectronicsStoreServiceDAL.csproj", "{B2A1B360-1E85-4FB8-B24C-466E66ED4815}"
EndProject
Project("{FAE04EC0-301F-11D3-BF4B-00C04F79EFBC}") = "ElectronicsStoreServiceImplementDataBase", "ElectronicsStoreServiceImplementDataBase\ElectronicsStoreServiceImplementDataBase.csproj", "{5B3D62A7-C576-491C-AE5B-699C521AFDC2}"
EndProject
Project("{FAE04EC0-301F-11D3-BF4B-00C04F79EFBC}") = "ElectronicsStoreAdminView", "ElectronicsStoreAdminView\ElectronicsStoreAdminView.csproj", "{0B04C907-779B-4698-850D-3F939769D021}"
EndProject
Project("{FAE04EC0-301F-11D3-BF4B-00C04F79EFBC}") = "ElectronicsStoreClientViewWPF", "ElectronicsStoreClientViewWPF\ElectronicsStoreClientViewWPF.csproj", "{6CA90255-8638-491D-9FF7-F40FCA5A3DF0}"
EndProject
Global
	GlobalSection(SolutionConfigurationPlatforms) = preSolution
		Debug|Any CPU = Debug|Any CPU
		Release|Any CPU = Release|Any CPU
	EndGlobalSection
	GlobalSection(ProjectConfigurationPlatforms) = postSolution
		{84C1F877-2CF6-4BB3-BC0E-D62264ECC591}.Debug|Any CPU.ActiveCfg = Debug|Any CPU
		{84C1F877-2CF6-4BB3-BC0E-D62264ECC591}.Debug|Any CPU.Build.0 = Debug|Any CPU
		{84C1F877-2CF6-4BB3-BC0E-D62264ECC591}.Release|Any CPU.ActiveCfg = Release|Any CPU
		{84C1F877-2CF6-4BB3-BC0E-D62264ECC591}.Release|Any CPU.Build.0 = Release|Any CPU
		{B2A1B360-1E85-4FB8-B24C-466E66ED4815}.Debug|Any CPU.ActiveCfg = Debug|Any CPU
		{B2A1B360-1E85-4FB8-B24C-466E66ED4815}.Debug|Any CPU.Build.0 = Debug|Any CPU
		{B2A1B360-1E85-4FB8-B24C-466E66ED4815}.Release|Any CPU.ActiveCfg = Release|Any CPU
		{B2A1B360-1E85-4FB8-B24C-466E66ED4815}.Release|Any CPU.Build.0 = Release|Any CPU
		{5B3D62A7-C576-491C-AE5B-699C521AFDC2}.Debug|Any CPU.ActiveCfg = Debug|Any CPU
		{5B3D62A7-C576-491C-AE5B-699C521AFDC2}.Debug|Any CPU.Build.0 = Debug|Any CPU
		{5B3D62A7-C576-491C-AE5B-699C521AFDC2}.Release|Any CPU.ActiveCfg = Release|Any CPU
		{5B3D62A7-C576-491C-AE5B-699C521AFDC2}.Release|Any CPU.Build.0 = Release|Any CPU
		{0B04C907-779B-4698-850D-3F939769D021}.Debug|Any CPU.ActiveCfg = Debug|Any CPU
		{0B04C907-779B-4698-850D-3F939769D021}.Debug|Any CPU.Build.0 = Debug|Any CPU
		{0B04C907-779B-4698-850D-3F939769D021}.Release|Any CPU.ActiveCfg = Release|Any CPU
		{0B04C907-779B-4698-850D-3F939769D021}.Release|Any CPU.Build.0 = Release|Any CPU
		{6CA90255-8638-491D-9FF7-F40FCA5A3DF0}.Debug|Any CPU.ActiveCfg = Debug|Any CPU
		{6CA90255-8638-491D-9FF7-F40FCA5A3DF0}.Debug|Any CPU.Build.0 = Debug|Any CPU
		{6CA90255-8638-491D-9FF7-F40FCA5A3DF0}.Release|Any CPU.ActiveCfg = Release|Any CPU
		{6CA90255-8638-491D-9FF7-F40FCA5A3DF0}.Release|Any CPU.Build.0 = Release|Any CPU
	EndGlobalSection
	GlobalSection(SolutionProperties) = preSolution
		HideSolutionNode = FALSE
	EndGlobalSection
	GlobalSection(ExtensibilityGlobals) = postSolution
		SolutionGuid = {90DFADDC-45E0-4D34-8B14-94740B969A03}
	EndGlobalSection
EndGlobal
